
Microsoft Visual Studio Solution File, Format Version 12.00
# Visual Studio Version 16
VisualStudioVersion = 16.0.30804.86
MinimumVisualStudioVersion = 10.0.40219.1
Project("{FAE04EC0-301F-11D3-BF4B-00C04F79EFBC}") = "ConsoleApp22", "ConsoleApp22.csproj", "{B8D8CA65-DDED-47D0-BDA2-B3E0D04534E8}"
EndProject
Project("{FAE04EC0-301F-11D3-BF4B-00C04F79EFBC}") = "NUnitTestProject1", "..\NUnitTestProject1\NUnitTestProject1.csproj", "{80757C2E-A2B5-4873-8231-A75FB1258A77}"
EndProject
Global
	GlobalSection(SolutionConfigurationPlatforms) = preSolution
		Debug|Any CPU = Debug|Any CPU
		Release|Any CPU = Release|Any CPU
	EndGlobalSection
	GlobalSection(ProjectConfigurationPlatforms) = postSolution
		{B8D8CA65-DDED-47D0-BDA2-B3E0D04534E8}.Debug|Any CPU.ActiveCfg = Debug|Any CPU
		{B8D8CA65-DDED-47D0-BDA2-B3E0D04534E8}.Debug|Any CPU.Build.0 = Debug|Any CPU
		{B8D8CA65-DDED-47D0-BDA2-B3E0D04534E8}.Release|Any CPU.ActiveCfg = Release|Any CPU
		{B8D8CA65-DDED-47D0-BDA2-B3E0D04534E8}.Release|Any CPU.Build.0 = Release|Any CPU
		{80757C2E-A2B5-4873-8231-A75FB1258A77}.Debug|Any CPU.ActiveCfg = Debug|Any CPU
		{80757C2E-A2B5-4873-8231-A75FB1258A77}.Debug|Any CPU.Build.0 = Debug|Any CPU
		{80757C2E-A2B5-4873-8231-A75FB1258A77}.Release|Any CPU.ActiveCfg = Release|Any CPU
		{80757C2E-A2B5-4873-8231-A75FB1258A77}.Release|Any CPU.Build.0 = Release|Any CPU
	EndGlobalSection
	GlobalSection(SolutionProperties) = preSolution
		HideSolutionNode = FALSE
	EndGlobalSection
	GlobalSection(ExtensibilityGlobals) = postSolution
		SolutionGuid = {80BB6C6B-1E98-4401-B72A-378D6825DEB3}
	EndGlobalSection
EndGlobal
