
Microsoft Visual Studio Solution File, Format Version 12.00
# Visual Studio Version 16
VisualStudioVersion = 16.0.30804.86
MinimumVisualStudioVersion = 10.0.40219.1
Project("{FAE04EC0-301F-11D3-BF4B-00C04F79EFBC}") = "QuadraticEquation", "QuadraticEquation\QuadraticEquation.csproj", "{719ECC43-0142-4ABE-B683-E849D46FC7DC}"
EndProject
Project("{9A19103F-16F7-4668-BE54-9A1E7A4F7556}") = "Solver", "Solver\Solver.csproj", "{8A7CDFDF-41B8-470A-AE2D-62A01A02C304}"
EndProject
Project("{9A19103F-16F7-4668-BE54-9A1E7A4F7556}") = "Solver.Tests", "Solver.Tests\Solver.Tests.csproj", "{60E383A2-98B7-4057-BF48-5838C3313D28}"
EndProject
Global
	GlobalSection(SolutionConfigurationPlatforms) = preSolution
		Debug|Any CPU = Debug|Any CPU
		Release|Any CPU = Release|Any CPU
	EndGlobalSection
	GlobalSection(ProjectConfigurationPlatforms) = postSolution
		{719ECC43-0142-4ABE-B683-E849D46FC7DC}.Debug|Any CPU.ActiveCfg = Debug|Any CPU
		{719ECC43-0142-4ABE-B683-E849D46FC7DC}.Debug|Any CPU.Build.0 = Debug|Any CPU
		{719ECC43-0142-4ABE-B683-E849D46FC7DC}.Release|Any CPU.ActiveCfg = Release|Any CPU
		{719ECC43-0142-4ABE-B683-E849D46FC7DC}.Release|Any CPU.Build.0 = Release|Any CPU
		{8A7CDFDF-41B8-470A-AE2D-62A01A02C304}.Debug|Any CPU.ActiveCfg = Debug|Any CPU
		{8A7CDFDF-41B8-470A-AE2D-62A01A02C304}.Debug|Any CPU.Build.0 = Debug|Any CPU
		{8A7CDFDF-41B8-470A-AE2D-62A01A02C304}.Release|Any CPU.ActiveCfg = Release|Any CPU
		{8A7CDFDF-41B8-470A-AE2D-62A01A02C304}.Release|Any CPU.Build.0 = Release|Any CPU
		{60E383A2-98B7-4057-BF48-5838C3313D28}.Debug|Any CPU.ActiveCfg = Debug|Any CPU
		{60E383A2-98B7-4057-BF48-5838C3313D28}.Debug|Any CPU.Build.0 = Debug|Any CPU
		{60E383A2-98B7-4057-BF48-5838C3313D28}.Release|Any CPU.ActiveCfg = Release|Any CPU
		{60E383A2-98B7-4057-BF48-5838C3313D28}.Release|Any CPU.Build.0 = Release|Any CPU
	EndGlobalSection
	GlobalSection(SolutionProperties) = preSolution
		HideSolutionNode = FALSE
	EndGlobalSection
	GlobalSection(ExtensibilityGlobals) = postSolution
		SolutionGuid = {D02E4F45-B2F6-4677-A346-FF993FE42AB6}
	EndGlobalSection
EndGlobal
